
Microsoft Visual Studio Solution File, Format Version 12.00
# Visual Studio 2012
Project("{FAE04EC0-301F-11D3-BF4B-00C04F79EFBC}") = "Employees", "Employees\Employees.csproj", "{CFD09605-7170-4ACE-82D7-388A89945DD1}"
EndProject
Global
	GlobalSection(SolutionConfigurationPlatforms) = preSolution
		Debug|Any CPU = Debug|Any CPU
		Release|Any CPU = Release|Any CPU
	EndGlobalSection
	GlobalSection(ProjectConfigurationPlatforms) = postSolution
		{CFD09605-7170-4ACE-82D7-388A89945DD1}.Debug|Any CPU.ActiveCfg = Debug|Any CPU
		{CFD09605-7170-4ACE-82D7-388A89945DD1}.Debug|Any CPU.Build.0 = Debug|Any CPU
		{CFD09605-7170-4ACE-82D7-388A89945DD1}.Release|Any CPU.ActiveCfg = Release|Any CPU
		{CFD09605-7170-4ACE-82D7-388A89945DD1}.Release|Any CPU.Build.0 = Release|Any CPU
	EndGlobalSection
	GlobalSection(SolutionProperties) = preSolution
		HideSolutionNode = FALSE
	EndGlobalSection
EndGlobal
